
Microsoft Visual Studio Solution File, Format Version 12.00
# Visual Studio 15
VisualStudioVersion = 15.0.27004.2006
MinimumVisualStudioVersion = 10.0.40219.1
Project("{9A19103F-16F7-4668-BE54-9A1E7A4F7556}") = "Admin_Service", "Admin_Service\Admin_Service.csproj", "{CE854395-9158-4DD2-985F-F17EBBDBEA4E}"
EndProject
Project("{FAE04EC0-301F-11D3-BF4B-00C04F79EFBC}") = "XUnitTestAdminService", "XUnitTestAdminService\XUnitTestAdminService.csproj", "{697C0B6F-D9E1-4600-A639-5109F2904F03}"
EndProject
Global
	GlobalSection(SolutionConfigurationPlatforms) = preSolution
		Debug|Any CPU = Debug|Any CPU
		Release|Any CPU = Release|Any CPU
	EndGlobalSection
	GlobalSection(ProjectConfigurationPlatforms) = postSolution
		{CE854395-9158-4DD2-985F-F17EBBDBEA4E}.Debug|Any CPU.ActiveCfg = Debug|Any CPU
		{CE854395-9158-4DD2-985F-F17EBBDBEA4E}.Debug|Any CPU.Build.0 = Debug|Any CPU
		{CE854395-9158-4DD2-985F-F17EBBDBEA4E}.Release|Any CPU.ActiveCfg = Release|Any CPU
		{CE854395-9158-4DD2-985F-F17EBBDBEA4E}.Release|Any CPU.Build.0 = Release|Any CPU
		{697C0B6F-D9E1-4600-A639-5109F2904F03}.Debug|Any CPU.ActiveCfg = Debug|Any CPU
		{697C0B6F-D9E1-4600-A639-5109F2904F03}.Debug|Any CPU.Build.0 = Debug|Any CPU
		{697C0B6F-D9E1-4600-A639-5109F2904F03}.Release|Any CPU.ActiveCfg = Release|Any CPU
		{697C0B6F-D9E1-4600-A639-5109F2904F03}.Release|Any CPU.Build.0 = Release|Any CPU
	EndGlobalSection
	GlobalSection(SolutionProperties) = preSolution
		HideSolutionNode = FALSE
	EndGlobalSection
	GlobalSection(ExtensibilityGlobals) = postSolution
		SolutionGuid = {CE76E9D6-C001-4245-A6BD-7A23234B20DF}
	EndGlobalSection
EndGlobal
